{
	"name": "fs-op",
	"version": "1.0.0",
	"lockfileVersion": 1,
	"requires": true,
	"dependencies": {
		"fs": {
			"version": "0.0.1-security",
			"resolved": "https://registry.npm.taobao.org/fs/download/fs-0.0.1-security.tgz",
			"integrity": "sha1-invTcYa23d84E/I4WLV+yq9eQdQ=",
			"dev": true
		},
		"inherits": {
			"version": "2.0.3",
			"resolved": "https://registry.npm.taobao.org/inherits/download/inherits-2.0.3.tgz",
			"integrity": "sha1-Yzwsg+PaQqUC9SRmAiSA9CCCYd4=",
			"dev": true
		},
		"path": {
			"version": "0.12.7",
			"resolved": "https://registry.npm.taobao.org/path/download/path-0.12.7.tgz",
			"integrity": "sha1-1NwqUGxM4hl+tIHr/NWzbAFAsQ8=",
			"dev": true,
			"requires": {
				"process": "^0.11.1",
				"util": "^0.10.3"
			}
		},
		"process": {
			"version": "0.11.10",
			"resolved": "https://registry.npm.taobao.org/process/download/process-0.11.10.tgz",
			"integrity": "sha1-czIwDoQBYb2j5podHZGn1LwW8YI=",
			"dev": true
		},
		"util": {
			"version": "0.10.4",
			"resolved": "https://registry.npm.taobao.org/util/download/util-0.10.4.tgz",
			"integrity": "sha1-OqASW/5mikZy3liFfTrOJ+y3aQE=",
			"dev": true,
			"requires": {
				"inherits": "2.0.3"
			}
		}
	}
}
